
Microsoft Visual Studio Solution File, Format Version 12.00
# Visual Studio Version 16
VisualStudioVersion = 16.0.30907.101
MinimumVisualStudioVersion = 10.0.40219.1
Project("{FAE04EC0-301F-11D3-BF4B-00C04F79EFBC}") = "KodlamaioCamp", "KodlamaioCamp\KodlamaioCamp.csproj", "{B6733AA6-9999-4251-A936-C83C36327AC8}"
EndProject
Global
	GlobalSection(SolutionConfigurationPlatforms) = preSolution
		Debug|Any CPU = Debug|Any CPU
		Release|Any CPU = Release|Any CPU
	EndGlobalSection
	GlobalSection(ProjectConfigurationPlatforms) = postSolution
		{B6733AA6-9999-4251-A936-C83C36327AC8}.Debug|Any CPU.ActiveCfg = Debug|Any CPU
		{B6733AA6-9999-4251-A936-C83C36327AC8}.Debug|Any CPU.Build.0 = Debug|Any CPU
		{B6733AA6-9999-4251-A936-C83C36327AC8}.Release|Any CPU.ActiveCfg = Release|Any CPU
		{B6733AA6-9999-4251-A936-C83C36327AC8}.Release|Any CPU.Build.0 = Release|Any CPU
	EndGlobalSection
	GlobalSection(SolutionProperties) = preSolution
		HideSolutionNode = FALSE
	EndGlobalSection
	GlobalSection(ExtensibilityGlobals) = postSolution
		SolutionGuid = {ACDD58CA-1589-430A-A33C-6F3EDBE14B42}
	EndGlobalSection
EndGlobal
